
Microsoft Visual Studio Solution File, Format Version 12.00
# Visual Studio Version 17
VisualStudioVersion = 17.8.34330.188
MinimumVisualStudioVersion = 10.0.40219.1
Project("{FAE04EC0-301F-11D3-BF4B-00C04F79EFBC}") = "Product-Prices", "Product-Prices.csproj", "{D18A134C-CCAA-4982-AAD3-20465B631D34}"
EndProject
Global
	GlobalSection(SolutionConfigurationPlatforms) = preSolution
		Debug|Any CPU = Debug|Any CPU
		Release|Any CPU = Release|Any CPU
	EndGlobalSection
	GlobalSection(ProjectConfigurationPlatforms) = postSolution
		{D18A134C-CCAA-4982-AAD3-20465B631D34}.Debug|Any CPU.ActiveCfg = Debug|Any CPU
		{D18A134C-CCAA-4982-AAD3-20465B631D34}.Debug|Any CPU.Build.0 = Debug|Any CPU
		{D18A134C-CCAA-4982-AAD3-20465B631D34}.Release|Any CPU.ActiveCfg = Release|Any CPU
		{D18A134C-CCAA-4982-AAD3-20465B631D34}.Release|Any CPU.Build.0 = Release|Any CPU
	EndGlobalSection
	GlobalSection(SolutionProperties) = preSolution
		HideSolutionNode = FALSE
	EndGlobalSection
	GlobalSection(ExtensibilityGlobals) = postSolution
		SolutionGuid = {6F1B6CC8-9E09-4DAC-83AA-955E01CF15A0}
	EndGlobalSection
EndGlobal
